
Microsoft Visual Studio Solution File, Format Version 12.00
# Visual Studio Version 16
VisualStudioVersion = 16.0.31613.86
MinimumVisualStudioVersion = 10.0.40219.1
Project("{9A19103F-16F7-4668-BE54-9A1E7A4F7556}") = "Warehouse.Server", "Warehouse.Server\Warehouse.Server.csproj", "{E2CCBD0B-38F2-4C51-8B4D-9DD6B8758A95}"
EndProject
Project("{FAE04EC0-301F-11D3-BF4B-00C04F79EFBC}") = "Warehouse.AdministrationApp", "Warehouse.AdministrationApp\Warehouse.AdministrationApp.csproj", "{FF2B6077-B6FC-449D-9231-2C186E7B0463}"
EndProject
Global
	GlobalSection(SolutionConfigurationPlatforms) = preSolution
		Debug|Any CPU = Debug|Any CPU
		Release|Any CPU = Release|Any CPU
	EndGlobalSection
	GlobalSection(ProjectConfigurationPlatforms) = postSolution
		{E2CCBD0B-38F2-4C51-8B4D-9DD6B8758A95}.Debug|Any CPU.ActiveCfg = Debug|Any CPU
		{E2CCBD0B-38F2-4C51-8B4D-9DD6B8758A95}.Debug|Any CPU.Build.0 = Debug|Any CPU
		{E2CCBD0B-38F2-4C51-8B4D-9DD6B8758A95}.Release|Any CPU.ActiveCfg = Release|Any CPU
		{E2CCBD0B-38F2-4C51-8B4D-9DD6B8758A95}.Release|Any CPU.Build.0 = Release|Any CPU
		{FF2B6077-B6FC-449D-9231-2C186E7B0463}.Debug|Any CPU.ActiveCfg = Debug|Any CPU
		{FF2B6077-B6FC-449D-9231-2C186E7B0463}.Debug|Any CPU.Build.0 = Debug|Any CPU
		{FF2B6077-B6FC-449D-9231-2C186E7B0463}.Release|Any CPU.ActiveCfg = Release|Any CPU
		{FF2B6077-B6FC-449D-9231-2C186E7B0463}.Release|Any CPU.Build.0 = Release|Any CPU
	EndGlobalSection
	GlobalSection(SolutionProperties) = preSolution
		HideSolutionNode = FALSE
	EndGlobalSection
	GlobalSection(ExtensibilityGlobals) = postSolution
		SolutionGuid = {A14DA1A8-F8D2-4F05-9FA2-C6E0BBEB3169}
	EndGlobalSection
EndGlobal
